
Microsoft Visual Studio Solution File, Format Version 12.00
# Visual Studio Version 17
VisualStudioVersion = 17.5.33530.505
MinimumVisualStudioVersion = 10.0.40219.1
Project("{FAE04EC0-301F-11D3-BF4B-00C04F79EFBC}") = "WoWRetroLauncher", "WoWLauncher\WoWRetroLauncher.csproj", "{C3E41936-B342-4812-8FDB-4BAD2B2B5C9F}"
EndProject
Global
	GlobalSection(SolutionConfigurationPlatforms) = preSolution
		Debug|Any CPU = Debug|Any CPU
		Release|Any CPU = Release|Any CPU
	EndGlobalSection
	GlobalSection(ProjectConfigurationPlatforms) = postSolution
		{C3E41936-B342-4812-8FDB-4BAD2B2B5C9F}.Debug|Any CPU.ActiveCfg = Debug|Any CPU
		{C3E41936-B342-4812-8FDB-4BAD2B2B5C9F}.Debug|Any CPU.Build.0 = Debug|Any CPU
		{C3E41936-B342-4812-8FDB-4BAD2B2B5C9F}.Release|Any CPU.ActiveCfg = Release|Any CPU
		{C3E41936-B342-4812-8FDB-4BAD2B2B5C9F}.Release|Any CPU.Build.0 = Release|Any CPU
	EndGlobalSection
	GlobalSection(SolutionProperties) = preSolution
		HideSolutionNode = FALSE
	EndGlobalSection
	GlobalSection(ExtensibilityGlobals) = postSolution
		SolutionGuid = {8C9CE482-8606-4986-853A-797C40916DBD}
	EndGlobalSection
EndGlobal
